
Microsoft Visual Studio Solution File, Format Version 12.00
# Visual Studio Version 17
VisualStudioVersion = 17.1.32421.90
MinimumVisualStudioVersion = 10.0.40219.1
Project("{FAE04EC0-301F-11D3-BF4B-00C04F79EFBC}") = "Space Race", "Space Race\Space Race.csproj", "{28E6DC2B-6AC0-4CEB-9327-4316D0FA950C}"
EndProject
Global
	GlobalSection(SolutionConfigurationPlatforms) = preSolution
		Debug|Any CPU = Debug|Any CPU
		Release|Any CPU = Release|Any CPU
	EndGlobalSection
	GlobalSection(ProjectConfigurationPlatforms) = postSolution
		{28E6DC2B-6AC0-4CEB-9327-4316D0FA950C}.Debug|Any CPU.ActiveCfg = Debug|Any CPU
		{28E6DC2B-6AC0-4CEB-9327-4316D0FA950C}.Debug|Any CPU.Build.0 = Debug|Any CPU
		{28E6DC2B-6AC0-4CEB-9327-4316D0FA950C}.Release|Any CPU.ActiveCfg = Release|Any CPU
		{28E6DC2B-6AC0-4CEB-9327-4316D0FA950C}.Release|Any CPU.Build.0 = Release|Any CPU
	EndGlobalSection
	GlobalSection(SolutionProperties) = preSolution
		HideSolutionNode = FALSE
	EndGlobalSection
	GlobalSection(ExtensibilityGlobals) = postSolution
		SolutionGuid = {FC96C6AD-311F-4DA4-8167-BA04D47B38A3}
	EndGlobalSection
EndGlobal
